# THIS IS AN AUTOGENERATED FILE. DO NOT EDIT THIS FILE DIRECTLY.
# yarn lockfile v1


hono-rate-limiter@^0.5.1:
  version "0.5.1"
  resolved "https://registry.yarnpkg.com/hono-rate-limiter/-/hono-rate-limiter-0.5.1.tgz#51db1ae2c92da02d355d301c6468b9920ae32be8"
  integrity sha512-c3bUn6IRgFKjlouvRNBy+ZIPZ2CTyTt3fc0uat2bv3GiHmLM4jI0QJ6fHd3Tf4R6dO2sX2Uvl9Gtp+kny4KdXg==
